
Microsoft Visual Studio Solution File, Format Version 12.00
Project("{FAE04EC0-301F-11D3-BF4B-00C04F79EFBC}") = "WasmImageTypesConverter", "WasmImageTypesConverter\WasmImageTypesConverter.csproj", "{C587CF70-425D-4095-9651-833CF5089743}"
EndProject
Global
	GlobalSection(SolutionConfigurationPlatforms) = preSolution
		Debug|Any CPU = Debug|Any CPU
		Release|Any CPU = Release|Any CPU
	EndGlobalSection
	GlobalSection(ProjectConfigurationPlatforms) = postSolution
		{C587CF70-425D-4095-9651-833CF5089743}.Debug|Any CPU.ActiveCfg = Debug|Any CPU
		{C587CF70-425D-4095-9651-833CF5089743}.Debug|Any CPU.Build.0 = Debug|Any CPU
		{C587CF70-425D-4095-9651-833CF5089743}.Release|Any CPU.ActiveCfg = Release|Any CPU
		{C587CF70-425D-4095-9651-833CF5089743}.Release|Any CPU.Build.0 = Release|Any CPU
	EndGlobalSection
EndGlobal
